
Microsoft Visual Studio Solution File, Format Version 12.00
# Visual Studio 15
VisualStudioVersion = 15.0.27004.2009
MinimumVisualStudioVersion = 10.0.40219.1
Project("{FAE04EC0-301F-11D3-BF4B-00C04F79EFBC}") = "SimplePack", "SimplePack\SimplePack.csproj", "{96536BC9-9074-48A3-BD29-511A6A284DA1}"
EndProject
Global
	GlobalSection(SolutionConfigurationPlatforms) = preSolution
		Debug|Any CPU = Debug|Any CPU
		Release|Any CPU = Release|Any CPU
	EndGlobalSection
	GlobalSection(ProjectConfigurationPlatforms) = postSolution
		{96536BC9-9074-48A3-BD29-511A6A284DA1}.Debug|Any CPU.ActiveCfg = Debug|Any CPU
		{96536BC9-9074-48A3-BD29-511A6A284DA1}.Debug|Any CPU.Build.0 = Debug|Any CPU
		{96536BC9-9074-48A3-BD29-511A6A284DA1}.Release|Any CPU.ActiveCfg = Release|Any CPU
		{96536BC9-9074-48A3-BD29-511A6A284DA1}.Release|Any CPU.Build.0 = Release|Any CPU
	EndGlobalSection
	GlobalSection(SolutionProperties) = preSolution
		HideSolutionNode = FALSE
	EndGlobalSection
	GlobalSection(ExtensibilityGlobals) = postSolution
		BuildVersion_UpdateAssemblyVersion = True
		BuildVersion_BuildVersioningStyle = None.None.YearMonthDayStamp.Increment
		BuildVersion_BuildAction = Build
		BuildVersion_StartDate = 2017/11/24
		SolutionGuid = {6595D397-D069-4219-AA9B-3106370F045A}
	EndGlobalSection
EndGlobal
